
Microsoft Visual Studio Solution File, Format Version 12.00
# Visual Studio Version 17
VisualStudioVersion = 17.0.32014.148
MinimumVisualStudioVersion = 10.0.40219.1
Project("{FAE04EC0-301F-11D3-BF4B-00C04F79EFBC}") = "LibraryTPL", "LibraryTPL.csproj", "{CA259A14-EE1E-49AF-B1CC-1593B02B6AC0}"
EndProject
Global
	GlobalSection(SolutionConfigurationPlatforms) = preSolution
		Debug|Any CPU = Debug|Any CPU
		Release|Any CPU = Release|Any CPU
	EndGlobalSection
	GlobalSection(ProjectConfigurationPlatforms) = postSolution
		{CA259A14-EE1E-49AF-B1CC-1593B02B6AC0}.Debug|Any CPU.ActiveCfg = Debug|Any CPU
		{CA259A14-EE1E-49AF-B1CC-1593B02B6AC0}.Debug|Any CPU.Build.0 = Debug|Any CPU
		{CA259A14-EE1E-49AF-B1CC-1593B02B6AC0}.Release|Any CPU.ActiveCfg = Release|Any CPU
		{CA259A14-EE1E-49AF-B1CC-1593B02B6AC0}.Release|Any CPU.Build.0 = Release|Any CPU
	EndGlobalSection
	GlobalSection(SolutionProperties) = preSolution
		HideSolutionNode = FALSE
	EndGlobalSection
	GlobalSection(ExtensibilityGlobals) = postSolution
		SolutionGuid = {1BE41E53-B4FE-44FB-A4FD-10A97C35126A}
	EndGlobalSection
EndGlobal
