
Microsoft Visual Studio Solution File, Format Version 12.00
# Visual Studio Version 17
VisualStudioVersion = 17.0.32014.148
MinimumVisualStudioVersion = 10.0.40219.1
Project("{FAE04EC0-301F-11D3-BF4B-00C04F79EFBC}") = "DeferredinitializationandtypeLazy", "DeferredinitializationandtypeLazy.csproj", "{A3CA0140-C19E-48BD-9245-D8274BE464EE}"
EndProject
Global
	GlobalSection(SolutionConfigurationPlatforms) = preSolution
		Debug|Any CPU = Debug|Any CPU
		Release|Any CPU = Release|Any CPU
	EndGlobalSection
	GlobalSection(ProjectConfigurationPlatforms) = postSolution
		{A3CA0140-C19E-48BD-9245-D8274BE464EE}.Debug|Any CPU.ActiveCfg = Debug|Any CPU
		{A3CA0140-C19E-48BD-9245-D8274BE464EE}.Debug|Any CPU.Build.0 = Debug|Any CPU
		{A3CA0140-C19E-48BD-9245-D8274BE464EE}.Release|Any CPU.ActiveCfg = Release|Any CPU
		{A3CA0140-C19E-48BD-9245-D8274BE464EE}.Release|Any CPU.Build.0 = Release|Any CPU
	EndGlobalSection
	GlobalSection(SolutionProperties) = preSolution
		HideSolutionNode = FALSE
	EndGlobalSection
	GlobalSection(ExtensibilityGlobals) = postSolution
		SolutionGuid = {847FCA9D-2959-480F-BB5E-FDB218B99A50}
	EndGlobalSection
EndGlobal
