
Microsoft Visual Studio Solution File, Format Version 12.00
# Visual Studio Version 17
VisualStudioVersion = 17.0.32014.148
MinimumVisualStudioVersion = 10.0.40219.1
Project("{FAE04EC0-301F-11D3-BF4B-00C04F79EFBC}") = "Timers", "Timers.csproj", "{D60F1963-A260-46CA-9710-627464106B83}"
EndProject
Project("{2150E333-8FDC-42A3-9474-1A3956D46DE8}") = "Solution Items", "Solution Items", "{F1803D1F-9439-41B4-858C-EE737FE6BF8E}"
	ProjectSection(SolutionItems) = preProject
		.editorconfig = .editorconfig
	EndProjectSection
EndProject
Global
	GlobalSection(SolutionConfigurationPlatforms) = preSolution
		Debug|Any CPU = Debug|Any CPU
		Release|Any CPU = Release|Any CPU
	EndGlobalSection
	GlobalSection(ProjectConfigurationPlatforms) = postSolution
		{D60F1963-A260-46CA-9710-627464106B83}.Debug|Any CPU.ActiveCfg = Debug|Any CPU
		{D60F1963-A260-46CA-9710-627464106B83}.Debug|Any CPU.Build.0 = Debug|Any CPU
		{D60F1963-A260-46CA-9710-627464106B83}.Release|Any CPU.ActiveCfg = Release|Any CPU
		{D60F1963-A260-46CA-9710-627464106B83}.Release|Any CPU.Build.0 = Release|Any CPU
	EndGlobalSection
	GlobalSection(SolutionProperties) = preSolution
		HideSolutionNode = FALSE
	EndGlobalSection
	GlobalSection(ExtensibilityGlobals) = postSolution
		SolutionGuid = {1999F01B-AC59-48E9-8892-D2AA4C906547}
	EndGlobalSection
EndGlobal
