
Microsoft Visual Studio Solution File, Format Version 12.00
# Visual Studio Version 16
VisualStudioVersion = 16.0.31729.503
MinimumVisualStudioVersion = 10.0.40219.1
Project("{FAE04EC0-301F-11D3-BF4B-00C04F79EFBC}") = "Anonymousmethods", "Anonymousmethods.csproj", "{5D9ABE37-C10A-4214-A0B6-28BF24A3C768}"
EndProject
Global
	GlobalSection(SolutionConfigurationPlatforms) = preSolution
		Debug|Any CPU = Debug|Any CPU
		Release|Any CPU = Release|Any CPU
	EndGlobalSection
	GlobalSection(ProjectConfigurationPlatforms) = postSolution
		{5D9ABE37-C10A-4214-A0B6-28BF24A3C768}.Debug|Any CPU.ActiveCfg = Debug|Any CPU
		{5D9ABE37-C10A-4214-A0B6-28BF24A3C768}.Debug|Any CPU.Build.0 = Debug|Any CPU
		{5D9ABE37-C10A-4214-A0B6-28BF24A3C768}.Release|Any CPU.ActiveCfg = Release|Any CPU
		{5D9ABE37-C10A-4214-A0B6-28BF24A3C768}.Release|Any CPU.Build.0 = Release|Any CPU
	EndGlobalSection
	GlobalSection(SolutionProperties) = preSolution
		HideSolutionNode = FALSE
	EndGlobalSection
	GlobalSection(ExtensibilityGlobals) = postSolution
		SolutionGuid = {023BE4B7-93EF-4E13-85F1-E57917F68526}
	EndGlobalSection
EndGlobal
