
Microsoft Visual Studio Solution File, Format Version 12.00
# Visual Studio Version 16
VisualStudioVersion = 16.0.31729.503
MinimumVisualStudioVersion = 10.0.40219.1
Project("{FAE04EC0-301F-11D3-BF4B-00C04F79EFBC}") = "Anonymoustypes", "Anonymoustypes.csproj", "{1BB8B474-FC20-44B3-9C26-7BF54343666A}"
EndProject
Global
	GlobalSection(SolutionConfigurationPlatforms) = preSolution
		Debug|Any CPU = Debug|Any CPU
		Release|Any CPU = Release|Any CPU
	EndGlobalSection
	GlobalSection(ProjectConfigurationPlatforms) = postSolution
		{1BB8B474-FC20-44B3-9C26-7BF54343666A}.Debug|Any CPU.ActiveCfg = Debug|Any CPU
		{1BB8B474-FC20-44B3-9C26-7BF54343666A}.Debug|Any CPU.Build.0 = Debug|Any CPU
		{1BB8B474-FC20-44B3-9C26-7BF54343666A}.Release|Any CPU.ActiveCfg = Release|Any CPU
		{1BB8B474-FC20-44B3-9C26-7BF54343666A}.Release|Any CPU.Build.0 = Release|Any CPU
	EndGlobalSection
	GlobalSection(SolutionProperties) = preSolution
		HideSolutionNode = FALSE
	EndGlobalSection
	GlobalSection(ExtensibilityGlobals) = postSolution
		SolutionGuid = {116CBFB3-B818-47A5-A022-EE8762082310}
	EndGlobalSection
EndGlobal
