
Microsoft Visual Studio Solution File, Format Version 12.00
# Visual Studio Version 17
VisualStudioVersion = 17.0.32014.148
MinimumVisualStudioVersion = 10.0.40219.1
Project("{FAE04EC0-301F-11D3-BF4B-00C04F79EFBC}") = "Records", "Records.csproj", "{CA6E0382-2EBF-44D6-A7E2-84B148D2FE01}"
EndProject
Global
	GlobalSection(SolutionConfigurationPlatforms) = preSolution
		Debug|Any CPU = Debug|Any CPU
		Release|Any CPU = Release|Any CPU
	EndGlobalSection
	GlobalSection(ProjectConfigurationPlatforms) = postSolution
		{CA6E0382-2EBF-44D6-A7E2-84B148D2FE01}.Debug|Any CPU.ActiveCfg = Debug|Any CPU
		{CA6E0382-2EBF-44D6-A7E2-84B148D2FE01}.Debug|Any CPU.Build.0 = Debug|Any CPU
		{CA6E0382-2EBF-44D6-A7E2-84B148D2FE01}.Release|Any CPU.ActiveCfg = Release|Any CPU
		{CA6E0382-2EBF-44D6-A7E2-84B148D2FE01}.Release|Any CPU.Build.0 = Release|Any CPU
	EndGlobalSection
	GlobalSection(SolutionProperties) = preSolution
		HideSolutionNode = FALSE
	EndGlobalSection
	GlobalSection(ExtensibilityGlobals) = postSolution
		SolutionGuid = {AB7D9AF0-27F8-4CAF-91E5-6D08CCDEFC41}
	EndGlobalSection
EndGlobal
