
Microsoft Visual Studio Solution File, Format Version 12.00
# Visual Studio Version 16
VisualStudioVersion = 16.0.31729.503
MinimumVisualStudioVersion = 10.0.40219.1
Project("{FAE04EC0-301F-11D3-BF4B-00C04F79EFBC}") = "Patternmatching", "Patternmatching.csproj", "{350D84C7-47EF-4CB2-AFA7-A6B1F56A7622}"
EndProject
Global
	GlobalSection(SolutionConfigurationPlatforms) = preSolution
		Debug|Any CPU = Debug|Any CPU
		Release|Any CPU = Release|Any CPU
	EndGlobalSection
	GlobalSection(ProjectConfigurationPlatforms) = postSolution
		{350D84C7-47EF-4CB2-AFA7-A6B1F56A7622}.Debug|Any CPU.ActiveCfg = Debug|Any CPU
		{350D84C7-47EF-4CB2-AFA7-A6B1F56A7622}.Debug|Any CPU.Build.0 = Debug|Any CPU
		{350D84C7-47EF-4CB2-AFA7-A6B1F56A7622}.Release|Any CPU.ActiveCfg = Release|Any CPU
		{350D84C7-47EF-4CB2-AFA7-A6B1F56A7622}.Release|Any CPU.Build.0 = Release|Any CPU
	EndGlobalSection
	GlobalSection(SolutionProperties) = preSolution
		HideSolutionNode = FALSE
	EndGlobalSection
	GlobalSection(ExtensibilityGlobals) = postSolution
		SolutionGuid = {F8631815-7ABA-4672-8420-C5BECE73F12F}
	EndGlobalSection
EndGlobal
