
Microsoft Visual Studio Solution File, Format Version 12.00
# Visual Studio Version 16
VisualStudioVersion = 16.0.31729.503
MinimumVisualStudioVersion = 10.0.40219.1
Project("{FAE04EC0-301F-11D3-BF4B-00C04F79EFBC}") = "Tuples", "Tuples.csproj", "{DCC5BADF-D29C-4D9C-9469-2DC67CA234EF}"
EndProject
Global
	GlobalSection(SolutionConfigurationPlatforms) = preSolution
		Debug|Any CPU = Debug|Any CPU
		Release|Any CPU = Release|Any CPU
	EndGlobalSection
	GlobalSection(ProjectConfigurationPlatforms) = postSolution
		{DCC5BADF-D29C-4D9C-9469-2DC67CA234EF}.Debug|Any CPU.ActiveCfg = Debug|Any CPU
		{DCC5BADF-D29C-4D9C-9469-2DC67CA234EF}.Debug|Any CPU.Build.0 = Debug|Any CPU
		{DCC5BADF-D29C-4D9C-9469-2DC67CA234EF}.Release|Any CPU.ActiveCfg = Release|Any CPU
		{DCC5BADF-D29C-4D9C-9469-2DC67CA234EF}.Release|Any CPU.Build.0 = Release|Any CPU
	EndGlobalSection
	GlobalSection(SolutionProperties) = preSolution
		HideSolutionNode = FALSE
	EndGlobalSection
	GlobalSection(ExtensibilityGlobals) = postSolution
		SolutionGuid = {7EAFF040-9E63-497D-BD30-8F23C123368F}
	EndGlobalSection
EndGlobal
