
Microsoft Visual Studio Solution File, Format Version 12.00
# Visual Studio Version 16
VisualStudioVersion = 16.0.31729.503
MinimumVisualStudioVersion = 10.0.40219.1
Project("{FAE04EC0-301F-11D3-BF4B-00C04F79EFBC}") = "Arrays", "Arrays.csproj", "{BB3ADB77-1F23-4182-AF96-3E25FFB30F63}"
EndProject
Global
	GlobalSection(SolutionConfigurationPlatforms) = preSolution
		Debug|Any CPU = Debug|Any CPU
		Release|Any CPU = Release|Any CPU
	EndGlobalSection
	GlobalSection(ProjectConfigurationPlatforms) = postSolution
		{BB3ADB77-1F23-4182-AF96-3E25FFB30F63}.Debug|Any CPU.ActiveCfg = Debug|Any CPU
		{BB3ADB77-1F23-4182-AF96-3E25FFB30F63}.Debug|Any CPU.Build.0 = Debug|Any CPU
		{BB3ADB77-1F23-4182-AF96-3E25FFB30F63}.Release|Any CPU.ActiveCfg = Release|Any CPU
		{BB3ADB77-1F23-4182-AF96-3E25FFB30F63}.Release|Any CPU.Build.0 = Release|Any CPU
	EndGlobalSection
	GlobalSection(SolutionProperties) = preSolution
		HideSolutionNode = FALSE
	EndGlobalSection
	GlobalSection(ExtensibilityGlobals) = postSolution
		SolutionGuid = {F91D11B7-1866-41E1-96B8-0FB4E28E7637}
	EndGlobalSection
EndGlobal
