
Microsoft Visual Studio Solution File, Format Version 12.00
# Visual Studio Version 16
VisualStudioVersion = 16.0.31729.503
MinimumVisualStudioVersion = 10.0.40219.1
Project("{FAE04EC0-301F-11D3-BF4B-00C04F79EFBC}") = "Interfaceinheritance", "Interfaceinheritance.csproj", "{BC202C8C-2BAF-4F7B-90CD-428593C66140}"
EndProject
Global
	GlobalSection(SolutionConfigurationPlatforms) = preSolution
		Debug|Any CPU = Debug|Any CPU
		Release|Any CPU = Release|Any CPU
	EndGlobalSection
	GlobalSection(ProjectConfigurationPlatforms) = postSolution
		{BC202C8C-2BAF-4F7B-90CD-428593C66140}.Debug|Any CPU.ActiveCfg = Debug|Any CPU
		{BC202C8C-2BAF-4F7B-90CD-428593C66140}.Debug|Any CPU.Build.0 = Debug|Any CPU
		{BC202C8C-2BAF-4F7B-90CD-428593C66140}.Release|Any CPU.ActiveCfg = Release|Any CPU
		{BC202C8C-2BAF-4F7B-90CD-428593C66140}.Release|Any CPU.Build.0 = Release|Any CPU
	EndGlobalSection
	GlobalSection(SolutionProperties) = preSolution
		HideSolutionNode = FALSE
	EndGlobalSection
	GlobalSection(ExtensibilityGlobals) = postSolution
		SolutionGuid = {B1490C5D-3717-4A8A-AEAA-05FA7D9B0071}
	EndGlobalSection
EndGlobal
