
Microsoft Visual Studio Solution File, Format Version 12.00
# Visual Studio Version 16
VisualStudioVersion = 16.0.31729.503
MinimumVisualStudioVersion = 10.0.40219.1
Project("{FAE04EC0-301F-11D3-BF4B-00C04F79EFBC}") = "Returnvalueandreturnoperator", "Returnvalueandreturnoperator.csproj", "{5439BD31-36D8-4BA9-9FD3-9A9B6B933EB0}"
EndProject
Global
	GlobalSection(SolutionConfigurationPlatforms) = preSolution
		Debug|Any CPU = Debug|Any CPU
		Release|Any CPU = Release|Any CPU
	EndGlobalSection
	GlobalSection(ProjectConfigurationPlatforms) = postSolution
		{5439BD31-36D8-4BA9-9FD3-9A9B6B933EB0}.Debug|Any CPU.ActiveCfg = Debug|Any CPU
		{5439BD31-36D8-4BA9-9FD3-9A9B6B933EB0}.Debug|Any CPU.Build.0 = Debug|Any CPU
		{5439BD31-36D8-4BA9-9FD3-9A9B6B933EB0}.Release|Any CPU.ActiveCfg = Release|Any CPU
		{5439BD31-36D8-4BA9-9FD3-9A9B6B933EB0}.Release|Any CPU.Build.0 = Release|Any CPU
	EndGlobalSection
	GlobalSection(SolutionProperties) = preSolution
		HideSolutionNode = FALSE
	EndGlobalSection
	GlobalSection(ExtensibilityGlobals) = postSolution
		SolutionGuid = {CAB38C5D-7AF0-4B07-AE6A-21B61CA5AF77}
	EndGlobalSection
EndGlobal
