
Microsoft Visual Studio Solution File, Format Version 12.00
# Visual Studio Version 17
VisualStudioVersion = 17.0.32014.148
MinimumVisualStudioVersion = 10.0.40219.1
Project("{FAE04EC0-301F-11D3-BF4B-00C04F79EFBC}") = "Synchronizationofstreams", "Synchronizationofstreams.csproj", "{570A8F6E-21C3-44C9-8AE1-90B3938597BC}"
EndProject
Global
	GlobalSection(SolutionConfigurationPlatforms) = preSolution
		Debug|Any CPU = Debug|Any CPU
		Release|Any CPU = Release|Any CPU
	EndGlobalSection
	GlobalSection(ProjectConfigurationPlatforms) = postSolution
		{570A8F6E-21C3-44C9-8AE1-90B3938597BC}.Debug|Any CPU.ActiveCfg = Debug|Any CPU
		{570A8F6E-21C3-44C9-8AE1-90B3938597BC}.Debug|Any CPU.Build.0 = Debug|Any CPU
		{570A8F6E-21C3-44C9-8AE1-90B3938597BC}.Release|Any CPU.ActiveCfg = Release|Any CPU
		{570A8F6E-21C3-44C9-8AE1-90B3938597BC}.Release|Any CPU.Build.0 = Release|Any CPU
	EndGlobalSection
	GlobalSection(SolutionProperties) = preSolution
		HideSolutionNode = FALSE
	EndGlobalSection
	GlobalSection(ExtensibilityGlobals) = postSolution
		SolutionGuid = {3D120ECB-FE1F-4968-92F2-C297F657B39E}
	EndGlobalSection
EndGlobal
