
Microsoft Visual Studio Solution File, Format Version 12.00
# Visual Studio Version 17
VisualStudioVersion = 17.0.32014.148
MinimumVisualStudioVersion = 10.0.40219.1
Project("{FAE04EC0-301F-11D3-BF4B-00C04F79EFBC}") = "Onedimensionalarrays", "Onedimensionalarrays.csproj", "{43073055-FDA9-41FD-84DB-4A00DBE9AA66}"
EndProject
Global
	GlobalSection(SolutionConfigurationPlatforms) = preSolution
		Debug|Any CPU = Debug|Any CPU
		Release|Any CPU = Release|Any CPU
	EndGlobalSection
	GlobalSection(ProjectConfigurationPlatforms) = postSolution
		{43073055-FDA9-41FD-84DB-4A00DBE9AA66}.Debug|Any CPU.ActiveCfg = Debug|Any CPU
		{43073055-FDA9-41FD-84DB-4A00DBE9AA66}.Debug|Any CPU.Build.0 = Debug|Any CPU
		{43073055-FDA9-41FD-84DB-4A00DBE9AA66}.Release|Any CPU.ActiveCfg = Release|Any CPU
		{43073055-FDA9-41FD-84DB-4A00DBE9AA66}.Release|Any CPU.Build.0 = Release|Any CPU
	EndGlobalSection
	GlobalSection(SolutionProperties) = preSolution
		HideSolutionNode = FALSE
	EndGlobalSection
	GlobalSection(ExtensibilityGlobals) = postSolution
		SolutionGuid = {13644EAF-2AAB-4E3C-9EA0-73319A550965}
	EndGlobalSection
EndGlobal
