
Microsoft Visual Studio Solution File, Format Version 12.00
# Visual Studio Version 17
VisualStudioVersion = 17.0.32014.148
MinimumVisualStudioVersion = 10.0.40219.1
Project("{FAE04EC0-301F-11D3-BF4B-00C04F79EFBC}") = "Sequentialandparallelinvocationofasynchronousoperations", "Sequentialandparallelinvocationofasynchronousoperations.csproj", "{154F3D03-FA7D-4D91-97D7-00C95ACA96C9}"
EndProject
Global
	GlobalSection(SolutionConfigurationPlatforms) = preSolution
		Debug|Any CPU = Debug|Any CPU
		Release|Any CPU = Release|Any CPU
	EndGlobalSection
	GlobalSection(ProjectConfigurationPlatforms) = postSolution
		{154F3D03-FA7D-4D91-97D7-00C95ACA96C9}.Debug|Any CPU.ActiveCfg = Debug|Any CPU
		{154F3D03-FA7D-4D91-97D7-00C95ACA96C9}.Debug|Any CPU.Build.0 = Debug|Any CPU
		{154F3D03-FA7D-4D91-97D7-00C95ACA96C9}.Release|Any CPU.ActiveCfg = Release|Any CPU
		{154F3D03-FA7D-4D91-97D7-00C95ACA96C9}.Release|Any CPU.Build.0 = Release|Any CPU
	EndGlobalSection
	GlobalSection(SolutionProperties) = preSolution
		HideSolutionNode = FALSE
	EndGlobalSection
	GlobalSection(ExtensibilityGlobals) = postSolution
		SolutionGuid = {87D1A7E0-4186-401E-A0FD-AB67CF1833AB}
	EndGlobalSection
EndGlobal
