
Microsoft Visual Studio Solution File, Format Version 12.00
# Visual Studio Version 17
VisualStudioVersion = 17.0.32014.148
MinimumVisualStudioVersion = 10.0.40219.1
Project("{FAE04EC0-301F-11D3-BF4B-00C04F79EFBC}") = "Indexesanddeepranges", "Indexesanddeepranges.csproj", "{6786F703-5F2D-4706-9531-F7490B1B5D37}"
EndProject
Global
	GlobalSection(SolutionConfigurationPlatforms) = preSolution
		Debug|Any CPU = Debug|Any CPU
		Release|Any CPU = Release|Any CPU
	EndGlobalSection
	GlobalSection(ProjectConfigurationPlatforms) = postSolution
		{6786F703-5F2D-4706-9531-F7490B1B5D37}.Debug|Any CPU.ActiveCfg = Debug|Any CPU
		{6786F703-5F2D-4706-9531-F7490B1B5D37}.Debug|Any CPU.Build.0 = Debug|Any CPU
		{6786F703-5F2D-4706-9531-F7490B1B5D37}.Release|Any CPU.ActiveCfg = Release|Any CPU
		{6786F703-5F2D-4706-9531-F7490B1B5D37}.Release|Any CPU.Build.0 = Release|Any CPU
	EndGlobalSection
	GlobalSection(SolutionProperties) = preSolution
		HideSolutionNode = FALSE
	EndGlobalSection
	GlobalSection(ExtensibilityGlobals) = postSolution
		SolutionGuid = {C68E3FE9-05BA-43C1-9055-44C21A379854}
	EndGlobalSection
EndGlobal
