
Microsoft Visual Studio Solution File, Format Version 12.00
# Visual Studio Version 17
VisualStudioVersion = 17.0.32014.148
MinimumVisualStudioVersion = 10.0.40219.1
Project("{FAE04EC0-301F-11D3-BF4B-00C04F79EFBC}") = "Dictionary", "Dictionary.csproj", "{4F387E69-481C-49A0-B6B2-A632C17954F2}"
EndProject
Global
	GlobalSection(SolutionConfigurationPlatforms) = preSolution
		Debug|Any CPU = Debug|Any CPU
		Release|Any CPU = Release|Any CPU
	EndGlobalSection
	GlobalSection(ProjectConfigurationPlatforms) = postSolution
		{4F387E69-481C-49A0-B6B2-A632C17954F2}.Debug|Any CPU.ActiveCfg = Debug|Any CPU
		{4F387E69-481C-49A0-B6B2-A632C17954F2}.Debug|Any CPU.Build.0 = Debug|Any CPU
		{4F387E69-481C-49A0-B6B2-A632C17954F2}.Release|Any CPU.ActiveCfg = Release|Any CPU
		{4F387E69-481C-49A0-B6B2-A632C17954F2}.Release|Any CPU.Build.0 = Release|Any CPU
	EndGlobalSection
	GlobalSection(SolutionProperties) = preSolution
		HideSolutionNode = FALSE
	EndGlobalSection
	GlobalSection(ExtensibilityGlobals) = postSolution
		SolutionGuid = {E53A1C11-CA01-436F-871A-805EF55E9754}
	EndGlobalSection
EndGlobal
