
Microsoft Visual Studio Solution File, Format Version 12.00
# Visual Studio Version 17
VisualStudioVersion = 17.0.32014.148
MinimumVisualStudioVersion = 10.0.40219.1
Project("{FAE04EC0-301F-11D3-BF4B-00C04F79EFBC}") = "AutoResetEvent", "AutoResetEvent.csproj", "{6F8B25B0-A50C-4731-B152-5CA4870CE937}"
EndProject
Global
	GlobalSection(SolutionConfigurationPlatforms) = preSolution
		Debug|Any CPU = Debug|Any CPU
		Release|Any CPU = Release|Any CPU
	EndGlobalSection
	GlobalSection(ProjectConfigurationPlatforms) = postSolution
		{6F8B25B0-A50C-4731-B152-5CA4870CE937}.Debug|Any CPU.ActiveCfg = Debug|Any CPU
		{6F8B25B0-A50C-4731-B152-5CA4870CE937}.Debug|Any CPU.Build.0 = Debug|Any CPU
		{6F8B25B0-A50C-4731-B152-5CA4870CE937}.Release|Any CPU.ActiveCfg = Release|Any CPU
		{6F8B25B0-A50C-4731-B152-5CA4870CE937}.Release|Any CPU.Build.0 = Release|Any CPU
	EndGlobalSection
	GlobalSection(SolutionProperties) = preSolution
		HideSolutionNode = FALSE
	EndGlobalSection
	GlobalSection(ExtensibilityGlobals) = postSolution
		SolutionGuid = {845116B5-F31B-4D7F-943F-84006B39965D}
	EndGlobalSection
EndGlobal
